
Microsoft Visual Studio Solution File, Format Version 12.00
# Visual Studio Version 17
VisualStudioVersion = 17.3.32922.545
MinimumVisualStudioVersion = 10.0.40219.1
Project("{8BC9CEB8-8B4A-11D0-8D11-00A0C91BC942}") = "Project", "Project\Project.vcxproj", "{3E976C8C-CF56-4282-B5EE-BF40CCA4019E}"
	ProjectSection(ProjectDependencies) = postProject
		{7B99D422-4257-4F91-B033-45A29ECEB635} = {7B99D422-4257-4F91-B033-45A29ECEB635}
	EndProjectSection
EndProject
Project("{8BC9CEB8-8B4A-11D0-8D11-00A0C91BC942}") = "Engine", "Engine\Engine.vcxproj", "{7B99D422-4257-4F91-B033-45A29ECEB635}"
EndProject
Global
	GlobalSection(SolutionConfigurationPlatforms) = preSolution
		Debug|x64 = Debug|x64
		Release|x64 = Release|x64
	EndGlobalSection
	GlobalSection(ProjectConfigurationPlatforms) = postSolution
		{3E976C8C-CF56-4282-B5EE-BF40CCA4019E}.Debug|x64.ActiveCfg = Debug|x64
		{3E976C8C-CF56-4282-B5EE-BF40CCA4019E}.Debug|x64.Build.0 = Debug|x64
		{3E976C8C-CF56-4282-B5EE-BF40CCA4019E}.Release|x64.ActiveCfg = Release|x64
		{3E976C8C-CF56-4282-B5EE-BF40CCA4019E}.Release|x64.Build.0 = Release|x64
		{7B99D422-4257-4F91-B033-45A29ECEB635}.Debug|x64.ActiveCfg = Debug|x64
		{7B99D422-4257-4F91-B033-45A29ECEB635}.Debug|x64.Build.0 = Debug|x64
		{7B99D422-4257-4F91-B033-45A29ECEB635}.Release|x64.ActiveCfg = Release|x64
		{7B99D422-4257-4F91-B033-45A29ECEB635}.Release|x64.Build.0 = Release|x64
	EndGlobalSection
	GlobalSection(SolutionProperties) = preSolution
		HideSolutionNode = FALSE
	EndGlobalSection
	GlobalSection(ExtensibilityGlobals) = postSolution
		SolutionGuid = {35B1A650-4C64-41E3-A72B-FD588CFB5FEE}
	EndGlobalSection
EndGlobal
