<?xml version="1.0" encoding="utf-8"?>
<Project ToolsVersion="4.0" xmlns="http://schemas.microsoft.com/developer/msbuild/2003">
  <ItemGroup>
    <Filter Include="Source Files">
      <UniqueIdentifier>{4FC737F1-C7A5-4376-A066-2A32D752A2FF}</UniqueIdentifier>
      <Extensions>cpp;c;cc;cxx;c++;cppm;ixx;def;odl;idl;hpj;bat;asm;asmx</Extensions>
    </Filter>
    <Filter Include="Header Files">
      <UniqueIdentifier>{93995380-89BD-4b04-88EB-625FBE52EBFB}</UniqueIdentifier>
      <Extensions>h;hh;hpp;hxx;h++;hm;inl;inc;ipp;xsd</Extensions>
    </Filter>
    <Filter Include="Resource Files">
      <UniqueIdentifier>{67DA6AB6-F800-4c08-8B7A-83BB121AAD01}</UniqueIdentifier>
      <Extensions>rc;ico;cur;bmp;dlg;rc2;rct;bin;rgs;gif;jpg;jpeg;jpe;resx;tiff;tif;png;wav;mfcribbon-ms</Extensions>
    </Filter>
  </ItemGroup>
  <ItemGroup>
    <ClInclude Include="src\window\window.h">
      <Filter>Header Files</Filter>
    </ClInclude>
    <ClInclude Include="src\utils\FPSTimer.h">
      <Filter>Header Files</Filter>
    </ClInclude>
    <ClInclude Include="src\render\scene\scene.h">
      <Filter>Header Files</Filter>
    </ClInclude>
    <ClInclude Include="src\math\ray.h">
      <Filter>Header Files</Filter>
    </ClInclude>
    <ClInclude Include="src\math\sphere.h">
      <Filter>Header Files</Filter>
    </ClInclude>
    <ClInclude Include="src\math\intersection.h">
      <Filter>Header Files</Filter>
    </ClInclude>
    <ClInclude Include="src\render\material\material.h">
      <Filter>Header Files</Filter>
    </ClInclude>
    <ClInclude Include="src\render\lights\light.h">
      <Filter>Header Files</Filter>
    </ClInclude>
    <ClInclude Include="src\render\lights\directionalLight.h">
      <Filter>Header Files</Filter>
    </ClInclude>
    <ClInclude Include="src\utils\parallelExecutor.h">
      <Filter>Header Files</Filter>
    </ClInclude>
    <ClInclude Include="src\render\camera\camera.h">
      <Filter>Header Files</Filter>
    </ClInclude>
    <ClInclude Include="src\math\mathUtils.h">
      <Filter>Header Files</Filter>
    </ClInclude>
    <ClInclude Include="src\render\lights\pointLight.h">
      <Filter>Header Files</Filter>
    </ClInclude>
    <ClInclude Include="src\math\triangle.h">
      <Filter>Header Files</Filter>
    </ClInclude>
    <ClInclude Include="src\math\plane.h">
      <Filter>Header Files</Filter>
    </ClInclude>
    <ClInclude Include="src\render\meshSystem\mesh\mesh.h">
      <Filter>Header Files</Filter>
    </ClInclude>
    <ClInclude Include="src\render\scene\transform.h">
      <Filter>Header Files</Filter>
    </ClInclude>
    <ClInclude Include="src\math\box.h">
      <Filter>Header Files</Filter>
    </ClInclude>
    <ClInclude Include="src\render\meshSystem\mesh\triangleOctree.h">
      <Filter>Header Files</Filter>
    </ClInclude>
    <ClInclude Include="src\render\lights\spotLight.h">
      <Filter>Header Files</Filter>
    </ClInclude>
    <ClInclude Include="src\objectMover\IObjectMover.h">
      <Filter>Header Files</Filter>
    </ClInclude>
    <ClInclude Include="src\objectMover\sphereMover.h">
      <Filter>Header Files</Filter>
    </ClInclude>
    <ClInclude Include="src\objectMover\planeMover.h">
      <Filter>Header Files</Filter>
    </ClInclude>
    <ClInclude Include="src\objectMover\lightVisualizerMover.h">
      <Filter>Header Files</Filter>
    </ClInclude>
    <ClInclude Include="src\math\angles.h">
      <Filter>Header Files</Filter>
    </ClInclude>
    <ClInclude Include="src\render\lights\lighting.h">
      <Filter>Header Files</Filter>
    </ClInclude>
    <ClInclude Include="src\dependencies\Windows\win_def.h">
      <Filter>Header Files</Filter>
    </ClInclude>
    <ClInclude Include="src\dependencies\Windows\win_undef.h">
      <Filter>Header Files</Filter>
    </ClInclude>
    <ClInclude Include="src\dependencies\Windows\win.h">
      <Filter>Header Files</Filter>
    </ClInclude>
    <ClInclude Include="src\render\Direct3d\d3d.h">
      <Filter>Header Files</Filter>
    </ClInclude>
    <ClInclude Include="src\render\Direct3d\DxRes.h">
      <Filter>Header Files</Filter>
    </ClInclude>
    <ClInclude Include="src\engine\engine.h">
      <Filter>Header Files</Filter>
    </ClInclude>
    <ClInclude Include="src\render\shader\shader.h">
      <Filter>Header Files</Filter>
    </ClInclude>
    <ClInclude Include="src\utils\assert.h">
      <Filter>Header Files</Filter>
    </ClInclude>
    <ClInclude Include="src\math\vertex.h">
      <Filter>Header Files</Filter>
    </ClInclude>
    <ClInclude Include="src\resourcesManagers\modelManager.h">
      <Filter>Header Files</Filter>
    </ClInclude>
    <ClInclude Include="src\render\meshSystem\mesh\model.h">
      <Filter>Header Files</Filter>
    </ClInclude>
    <ClInclude Include="src\render\meshSystem\ShadingGroups\hologramInstances.h">
      <Filter>Header Files</Filter>
    </ClInclude>
    <ClInclude Include="src\render\meshSystem\meshSystem.h">
      <Filter>Header Files</Filter>
    </ClInclude>
    <ClInclude Include="src\render\Direct3d\buffer.h">
      <Filter>Header Files</Filter>
    </ClInclude>
    <ClInclude Include="src\render\meshSystem\ShadingGroups\normalVisInstances.h">
      <Filter>Header Files</Filter>
    </ClInclude>
    <ClInclude Include="src\objectMover\matrixMover.h">
      <Filter>Header Files</Filter>
    </ClInclude>
    <ClInclude Include="src\engine\renderer.h">
      <Filter>Header Files</Filter>
    </ClInclude>
    <ClInclude Include="src\utils\nonCopyable.h">
      <Filter>Header Files</Filter>
    </ClInclude>
    <ClInclude Include="src\utils\debug\debugOutput.h">
      <Filter>Header Files</Filter>
    </ClInclude>
    <ClInclude Include="src\objectMover\meshInstanceMover.h">
      <Filter>Header Files</Filter>
    </ClInclude>
    <ClInclude Include="src\resourcesManagers\textureManager.h">
      <Filter>Header Files</Filter>
    </ClInclude>
    <ClInclude Include="src\render\texture\texture.h">
      <Filter>Header Files</Filter>
    </ClInclude>
    <ClInclude Include="src\render\skyRenderer\skyRenderer.h">
      <Filter>Header Files</Filter>
    </ClInclude>
    <ClInclude Include="src\render\meshSystem\ShadingGroups\textureOnlyInstances.h">
      <Filter>Header Files</Filter>
    </ClInclude>
    <ClInclude Include="src\render\postProcess\postProcess.h">
      <Filter>Header Files</Filter>
    </ClInclude>
    <ClInclude Include="src\render\lightSystem\lightSystem.h">
      <Filter>Header Files</Filter>
    </ClInclude>
    <ClInclude Include="src\render\meshSystem\ShadingGroups\litInstances.h">
      <Filter>Header Files</Filter>
    </ClInclude>
    <ClInclude Include="src\render\meshSystem\ShadingGroups\emissionOnlyInstances.h">
      <Filter>Header Files</Filter>
    </ClInclude>
    <ClInclude Include="src\utils\containers\solidVector.h">
      <Filter>Header Files</Filter>
    </ClInclude>
    <ClInclude Include="src\transformSystem\transformSystem.h">
      <Filter>Header Files</Filter>
    </ClInclude>
    <ClInclude Include="src\render\meshSystem\ShadingGroups\shadingGroup.h">
      <Filter>Header Files</Filter>
    </ClInclude>
    <ClInclude Include="src\render\reflectionCapture\reflectionCapture.h">
      <Filter>Header Files</Filter>
    </ClInclude>
    <ClInclude Include="src\render\meshSystem\ShadingGroups\dissolutionInstances.h">
      <Filter>Header Files</Filter>
    </ClInclude>
    <ClInclude Include="src\render\particleSystem\particleSystem.h">
      <Filter>Header Files</Filter>
    </ClInclude>
    <ClInclude Include="src\render\particleSystem\particleEmitter.h">
      <Filter>Header Files</Filter>
    </ClInclude>
    <ClInclude Include="src\render\particleSystem\particle.h">
      <Filter>Header Files</Filter>
    </ClInclude>
    <ClInclude Include="src\utils\random\random.h">
      <Filter>Header Files</Filter>
    </ClInclude>
    <ClInclude Include="src\utils\sorting\radixSort.h">
      <Filter>Header Files</Filter>
    </ClInclude>
    <ClInclude Include="src\render\decalSystem\decalSystem.h">
      <Filter>Header Files</Filter>
    </ClInclude>
    <ClInclude Include="src\render\meshSystem\ShadingGroups\incinerationInstances.h">
      <Filter>Header Files</Filter>
    </ClInclude>
    <ClInclude Include="src\render\fogRenderer\fogRenderer.h">
      <Filter>Header Files</Filter>
    </ClInclude>
    <ClInclude Include="src\dependencies\sivPerlinNoise.h">
      <Filter>Header Files</Filter>
    </ClInclude>
  </ItemGroup>
  <ItemGroup>
    <ClCompile Include="src\window\window.cpp">
      <Filter>Source Files</Filter>
    </ClCompile>
    <ClCompile Include="src\utils\FPSTimer.cpp">
      <Filter>Source Files</Filter>
    </ClCompile>
    <ClCompile Include="src\render\scene\scene.cpp">
      <Filter>Source Files</Filter>
    </ClCompile>
    <ClCompile Include="src\math\sphere.cpp">
      <Filter>Source Files</Filter>
    </ClCompile>
    <ClCompile Include="src\render\scene\sceneObjects\sphereObject.cpp">
      <Filter>Source Files</Filter>
    </ClCompile>
    <ClCompile Include="src\utils\parallelExecutor.cpp">
      <Filter>Source Files</Filter>
    </ClCompile>
    <ClCompile Include="src\render\camera\camera.cpp">
      <Filter>Source Files</Filter>
    </ClCompile>
    <ClCompile Include="src\math\mathUtils.cpp">
      <Filter>Source Files</Filter>
    </ClCompile>
    <ClCompile Include="src\math\plane.cpp">
      <Filter>Source Files</Filter>
    </ClCompile>
    <ClCompile Include="src\math\triangle.cpp">
      <Filter>Source Files</Filter>
    </ClCompile>
    <ClCompile Include="src\render\scene\sceneObjects\meshInstance.cpp">
      <Filter>Source Files</Filter>
    </ClCompile>
    <ClCompile Include="src\render\meshSystem\mesh\triangleOctree.cpp">
      <Filter>Source Files</Filter>
    </ClCompile>
    <ClCompile Include="src\render\scene\sceneObjects\planeObject.cpp">
      <Filter>Source Files</Filter>
    </ClCompile>
    <ClCompile Include="src\objectMover\sphereMover.cpp">
      <Filter>Source Files</Filter>
    </ClCompile>
    <ClCompile Include="src\render\meshSystem\mesh\mesh.cpp">
      <Filter>Source Files</Filter>
    </ClCompile>
    <ClCompile Include="src\math\box.cpp">
      <Filter>Source Files</Filter>
    </ClCompile>
    <ClCompile Include="src\objectMover\planeMover.cpp">
      <Filter>Source Files</Filter>
    </ClCompile>
    <ClCompile Include="src\objectMover\lightVisualizerMover.cpp">
      <Filter>Source Files</Filter>
    </ClCompile>
    <ClCompile Include="src\render\scene\sceneObjects\lightVisualizer.cpp">
      <Filter>Source Files</Filter>
    </ClCompile>
    <ClCompile Include="src\render\lights\lighting.cpp">
      <Filter>Source Files</Filter>
    </ClCompile>
    <ClCompile Include="src\render\Direct3d\d3d.cpp">
      <Filter>Source Files</Filter>
    </ClCompile>
    <ClCompile Include="src\engine\engine.cpp">
      <Filter>Source Files</Filter>
    </ClCompile>
    <ClCompile Include="src\render\shader\shader.cpp">
      <Filter>Source Files</Filter>
    </ClCompile>
    <ClCompile Include="src\resourcesManagers\modelManager.cpp">
      <Filter>Source Files</Filter>
    </ClCompile>
    <ClCompile Include="src\render\meshSystem\mesh\model.cpp">
      <Filter>Source Files</Filter>
    </ClCompile>
    <ClCompile Include="src\render\meshSystem\ShadingGroups\hologramInstances.cpp">
      <Filter>Source Files</Filter>
    </ClCompile>
    <ClCompile Include="src\render\meshSystem\meshSystem.cpp">
      <Filter>Source Files</Filter>
    </ClCompile>
    <ClCompile Include="src\render\meshSystem\ShadingGroups\normalVisInstances.cpp">
      <Filter>Source Files</Filter>
    </ClCompile>
    <ClCompile Include="src\objectMover\matrixMover.cpp">
      <Filter>Source Files</Filter>
    </ClCompile>
    <ClCompile Include="src\engine\renderer.cpp">
      <Filter>Source Files</Filter>
    </ClCompile>
    <ClCompile Include="src\objectMover\meshInstanceMover.cpp">
      <Filter>Source Files</Filter>
    </ClCompile>
    <ClCompile Include="src\resourcesManagers\textureManager.cpp">
      <Filter>Source Files</Filter>
    </ClCompile>
    <ClCompile Include="src\dependencies\DirectXTex\DirectXTex\DDSTextureLoader11.cpp">
      <Filter>Source Files</Filter>
    </ClCompile>
    <ClCompile Include="src\render\texture\texture.cpp">
      <Filter>Source Files</Filter>
    </ClCompile>
    <ClCompile Include="src\render\skyRenderer\skyRenderer.cpp">
      <Filter>Source Files</Filter>
    </ClCompile>
    <ClCompile Include="src\render\meshSystem\ShadingGroups\textureOnlyInstances.cpp">
      <Filter>Source Files</Filter>
    </ClCompile>
    <ClCompile Include="src\render\postProcess\postProcess.cpp">
      <Filter>Source Files</Filter>
    </ClCompile>
    <ClCompile Include="src\render\lightSystem\lightSystem.cpp">
      <Filter>Source Files</Filter>
    </ClCompile>
    <ClCompile Include="src\render\meshSystem\ShadingGroups\litInstances.cpp">
      <Filter>Source Files</Filter>
    </ClCompile>
    <ClCompile Include="src\render\meshSystem\ShadingGroups\emissionOnlyInstances.cpp">
      <Filter>Source Files</Filter>
    </ClCompile>
    <ClCompile Include="src\transformSystem\transformSystem.cpp">
      <Filter>Source Files</Filter>
    </ClCompile>
    <ClCompile Include="src\dependencies\DirectXTex\DirectXTex\DirectXTexCompress.cpp">
      <Filter>Source Files</Filter>
    </ClCompile>
    <ClCompile Include="src\dependencies\DirectXTex\DirectXTex\DirectXTexDDS.cpp">
      <Filter>Source Files</Filter>
    </ClCompile>
    <ClCompile Include="src\dependencies\DirectXTex\DirectXTex\DirectXTexImage.cpp">
      <Filter>Source Files</Filter>
    </ClCompile>
    <ClCompile Include="src\dependencies\DirectXTex\DirectXTex\DirectXTexMipmaps.cpp">
      <Filter>Source Files</Filter>
    </ClCompile>
    <ClCompile Include="src\dependencies\DirectXTex\DirectXTex\DirectXTexUtil.cpp">
      <Filter>Source Files</Filter>
    </ClCompile>
    <ClCompile Include="src\dependencies\DirectXTex\DirectXTex\DirectXTexCompressGPU.cpp">
      <Filter>Source Files</Filter>
    </ClCompile>
    <ClCompile Include="src\dependencies\DirectXTex\DirectXTex\DirectXTexConvert.cpp">
      <Filter>Source Files</Filter>
    </ClCompile>
    <ClCompile Include="src\dependencies\DirectXTex\DirectXTex\DirectXTexD3D11.cpp">
      <Filter>Source Files</Filter>
    </ClCompile>
    <ClCompile Include="src\dependencies\DirectXTex\DirectXTex\BC.cpp">
      <Filter>Source Files</Filter>
    </ClCompile>
    <ClCompile Include="src\dependencies\DirectXTex\DirectXTex\BC4BC5.cpp">
      <Filter>Source Files</Filter>
    </ClCompile>
    <ClCompile Include="src\dependencies\DirectXTex\DirectXTex\BC6HBC7.cpp">
      <Filter>Source Files</Filter>
    </ClCompile>
    <ClCompile Include="src\dependencies\DirectXTex\DirectXTex\BCDirectCompute.cpp">
      <Filter>Source Files</Filter>
    </ClCompile>
    <ClCompile Include="src\render\reflectionCapture\reflectionCapture.cpp">
      <Filter>Source Files</Filter>
    </ClCompile>
    <ClCompile Include="src\render\meshSystem\ShadingGroups\dissolutionInstances.cpp">
      <Filter>Source Files</Filter>
    </ClCompile>
    <ClCompile Include="src\render\particleSystem\particleSystem.cpp">
      <Filter>Source Files</Filter>
    </ClCompile>
    <ClCompile Include="src\render\particleSystem\particleEmitter.cpp">
      <Filter>Source Files</Filter>
    </ClCompile>
    <ClCompile Include="src\utils\random\random.cpp">
      <Filter>Source Files</Filter>
    </ClCompile>
    <ClCompile Include="src\utils\sorting\radixSort.cpp">
      <Filter>Source Files</Filter>
    </ClCompile>
    <ClCompile Include="src\render\decalSystem\decalSystem.cpp">
      <Filter>Source Files</Filter>
    </ClCompile>
    <ClCompile Include="src\render\meshSystem\ShadingGroups\incinerationInstances.cpp">
      <Filter>Source Files</Filter>
    </ClCompile>
    <ClCompile Include="src\render\fogRenderer\fogRenderer.cpp">
      <Filter>Source Files</Filter>
    </ClCompile>
  </ItemGroup>
  <ItemGroup>
    <Text Include="src\dependencies\assimp\licence\LICENCE" />
  </ItemGroup>
</Project>